
Microsoft Visual Studio Solution File, Format Version 12.00
# Visual Studio Version 17
VisualStudioVersion = 17.0.31919.166
MinimumVisualStudioVersion = 10.0.40219.1
Project("{FAE04EC0-301F-11D3-BF4B-00C04F79EFBC}") = "Gl6_pr6.3", "Gl6_pr6.3.csproj", "{D76C0E95-90ED-4A3D-89E8-5406D3172F81}"
EndProject
Global
	GlobalSection(SolutionConfigurationPlatforms) = preSolution
		Debug|Any CPU = Debug|Any CPU
		Release|Any CPU = Release|Any CPU
	EndGlobalSection
	GlobalSection(ProjectConfigurationPlatforms) = postSolution
		{D76C0E95-90ED-4A3D-89E8-5406D3172F81}.Debug|Any CPU.ActiveCfg = Debug|Any CPU
		{D76C0E95-90ED-4A3D-89E8-5406D3172F81}.Debug|Any CPU.Build.0 = Debug|Any CPU
		{D76C0E95-90ED-4A3D-89E8-5406D3172F81}.Release|Any CPU.ActiveCfg = Release|Any CPU
		{D76C0E95-90ED-4A3D-89E8-5406D3172F81}.Release|Any CPU.Build.0 = Release|Any CPU
	EndGlobalSection
	GlobalSection(SolutionProperties) = preSolution
		HideSolutionNode = FALSE
	EndGlobalSection
	GlobalSection(ExtensibilityGlobals) = postSolution
		SolutionGuid = {2E22E6EF-3863-4E3F-BBD6-C255AE57B5DA}
	EndGlobalSection
EndGlobal
